
Microsoft Visual Studio Solution File, Format Version 12.00
# Visual Studio 15
VisualStudioVersion = 15.0.28307.1382
MinimumVisualStudioVersion = 10.0.40219.1
Project("{FAE04EC0-301F-11D3-BF4B-00C04F79EFBC}") = "DateDifferenceCalculation", "DateDifferenceCalculation\DateDifferenceCalculation.csproj", "{E6E4C1BD-607B-4889-8DA4-A5034A1160E9}"
EndProject
Project("{FAE04EC0-301F-11D3-BF4B-00C04F79EFBC}") = "DateDifferenceCalculation.Tests", "DateDifferenceCalculation.Tests\DateDifferenceCalculation.Tests.csproj", "{59D40670-78DB-481F-BB28-F3D43BD66BF3}"
EndProject
Global
	GlobalSection(SolutionConfigurationPlatforms) = preSolution
		Debug|Any CPU = Debug|Any CPU
		Release|Any CPU = Release|Any CPU
	EndGlobalSection
	GlobalSection(ProjectConfigurationPlatforms) = postSolution
		{E6E4C1BD-607B-4889-8DA4-A5034A1160E9}.Debug|Any CPU.ActiveCfg = Debug|Any CPU
		{E6E4C1BD-607B-4889-8DA4-A5034A1160E9}.Debug|Any CPU.Build.0 = Debug|Any CPU
		{E6E4C1BD-607B-4889-8DA4-A5034A1160E9}.Release|Any CPU.ActiveCfg = Release|Any CPU
		{E6E4C1BD-607B-4889-8DA4-A5034A1160E9}.Release|Any CPU.Build.0 = Release|Any CPU
		{59D40670-78DB-481F-BB28-F3D43BD66BF3}.Debug|Any CPU.ActiveCfg = Debug|Any CPU
		{59D40670-78DB-481F-BB28-F3D43BD66BF3}.Debug|Any CPU.Build.0 = Debug|Any CPU
		{59D40670-78DB-481F-BB28-F3D43BD66BF3}.Release|Any CPU.ActiveCfg = Release|Any CPU
		{59D40670-78DB-481F-BB28-F3D43BD66BF3}.Release|Any CPU.Build.0 = Release|Any CPU
	EndGlobalSection
	GlobalSection(SolutionProperties) = preSolution
		HideSolutionNode = FALSE
	EndGlobalSection
	GlobalSection(ExtensibilityGlobals) = postSolution
		SolutionGuid = {E27ED398-F210-4EE4-A8E6-24EDC3F84F00}
	EndGlobalSection
EndGlobal
